// !$*UTF8*$!
{
	archiveVersion = 1;
	classes = {
	};
	objectVersion = 50;
	objects = {

/* Begin PBXBuildFile section */
		1305C20C2271287C00D84898 /* MyBatchesViewController.swift in Sources */ = {isa = PBXBuildFile; fileRef = 1305C20B2271287C00D84898 /* MyBatchesViewController.swift */; };
		13567C072261420000D09FC6 /* Card.swift in Sources */ = {isa = PBXBuildFile; fileRef = 13567C062261420000D09FC6 /* Card.swift */; };
		1359744222580B97005318AB /* GoogleService-Info.plist in Resources */ = {isa = PBXBuildFile; fileRef = 1359744122580B97005318AB /* GoogleService-Info.plist */; };
		1359744422581FB4005318AB /* MyOrdersViewController.swift in Sources */ = {isa = PBXBuildFile; fileRef = 1359744322581FB4005318AB /* MyOrdersViewController.swift */; };
		1359744922582283005318AB /* SettingsViewController.swift in Sources */ = {isa = PBXBuildFile; fileRef = 1359744822582283005318AB /* SettingsViewController.swift */; };
		1359744B2258277E005318AB /* ProfileViewController.swift in Sources */ = {isa = PBXBuildFile; fileRef = 1359744A2258277E005318AB /* ProfileViewController.swift */; };
		13631779226535CA008BBB85 /* BuyBatchViewController.swift in Sources */ = {isa = PBXBuildFile; fileRef = 13631778226535CA008BBB85 /* BuyBatchViewController.swift */; };
		1363177B22653B9B008BBB85 /* Batch.swift in Sources */ = {isa = PBXBuildFile; fileRef = 1363177A22653B9B008BBB85 /* Batch.swift */; };
		1363177E226541E3008BBB85 /* DeliveriesTableViewController.swift in Sources */ = {isa = PBXBuildFile; fileRef = 1363177D226541E3008BBB85 /* DeliveriesTableViewController.swift */; };
		13631782226550B0008BBB85 /* GoogleMapsViewController.swift in Sources */ = {isa = PBXBuildFile; fileRef = 13631781226550B0008BBB85 /* GoogleMapsViewController.swift */; };
		13786CBB2273CB2F008F0A17 /* RegistrationViewController.swift in Sources */ = {isa = PBXBuildFile; fileRef = 13786CBA2273CB2F008F0A17 /* RegistrationViewController.swift */; };
		13852A04225E9F8D0058BDA7 /* Alert.swift in Sources */ = {isa = PBXBuildFile; fileRef = 13852A03225E9F8D0058BDA7 /* Alert.swift */; };
		13852A0C225EA4330058BDA7 /* MockupProjetoFinalTests.swift in Sources */ = {isa = PBXBuildFile; fileRef = 13852A0B225EA4330058BDA7 /* MockupProjetoFinalTests.swift */; };
		13852A22225EAC000058BDA7 /* MyCardsTableViewController.swift in Sources */ = {isa = PBXBuildFile; fileRef = 13852A21225EAC000058BDA7 /* MyCardsTableViewController.swift */; };
		13852A32225EB2E90058BDA7 /* CreditCardViewController.swift in Sources */ = {isa = PBXBuildFile; fileRef = 13852A31225EB2E90058BDA7 /* CreditCardViewController.swift */; };
		13E1E6C52255635500E0F348 /* AppDelegate.swift in Sources */ = {isa = PBXBuildFile; fileRef = 13E1E6C42255635500E0F348 /* AppDelegate.swift */; };
		13E1E6C72255635500E0F348 /* ViewController.swift in Sources */ = {isa = PBXBuildFile; fileRef = 13E1E6C62255635500E0F348 /* ViewController.swift */; };
		13E1E6CA2255635500E0F348 /* Main.storyboard in Resources */ = {isa = PBXBuildFile; fileRef = 13E1E6C82255635500E0F348 /* Main.storyboard */; };
		13E1E6CC2255635600E0F348 /* Assets.xcassets in Resources */ = {isa = PBXBuildFile; fileRef = 13E1E6CB2255635600E0F348 /* Assets.xcassets */; };
		13E1E6CF2255635600E0F348 /* LaunchScreen.storyboard in Resources */ = {isa = PBXBuildFile; fileRef = 13E1E6CD2255635600E0F348 /* LaunchScreen.storyboard */; };
		13E1E6DF225570F500E0F348 /* BatchesViewController.swift in Sources */ = {isa = PBXBuildFile; fileRef = 13E1E6DE225570F500E0F348 /* BatchesViewController.swift */; };
		13E1E6E32255775600E0F348 /* BatchCollectionViewCell.swift in Sources */ = {isa = PBXBuildFile; fileRef = 13E1E6E22255775600E0F348 /* BatchCollectionViewCell.swift */; };
		13E1E6E92255846E00E0F348 /* BatchViewController.swift in Sources */ = {isa = PBXBuildFile; fileRef = 13E1E6E82255846E00E0F348 /* BatchViewController.swift */; };
		EC3DA43790C2EFE05821CD4F /* Pods_MockupProjetoFinal.framework in Frameworks */ = {isa = PBXBuildFile; fileRef = E53CD978AB99970121A4FF63 /* Pods_MockupProjetoFinal.framework */; };
/* End PBXBuildFile section */

/* Begin PBXContainerItemProxy section */
		13852A0E225EA4330058BDA7 /* PBXContainerItemProxy */ = {
			isa = PBXContainerItemProxy;
			containerPortal = 13E1E6B92255635500E0F348 /* Project object */;
			proxyType = 1;
			remoteGlobalIDString = 13E1E6C02255635500E0F348;
			remoteInfo = MockupProjetoFinal;
		};
/* End PBXContainerItemProxy section */

/* Begin PBXFileReference section */
		1305C20B2271287C00D84898 /* MyBatchesViewController.swift */ = {isa = PBXFileReference; lastKnownFileType = sourcecode.swift; path = MyBatchesViewController.swift; sourceTree = "<group>"; };
		13567C062261420000D09FC6 /* Card.swift */ = {isa = PBXFileReference; lastKnownFileType = sourcecode.swift; path = Card.swift; sourceTree = "<group>"; };
		1359744122580B97005318AB /* GoogleService-Info.plist */ = {isa = PBXFileReference; fileEncoding = 4; lastKnownFileType = text.plist.xml; path = "GoogleService-Info.plist"; sourceTree = "<group>"; };
		1359744322581FB4005318AB /* MyOrdersViewController.swift */ = {isa = PBXFileReference; lastKnownFileType = sourcecode.swift; path = MyOrdersViewController.swift; sourceTree = "<group>"; };
		1359744822582283005318AB /* SettingsViewController.swift */ = {isa = PBXFileReference; lastKnownFileType = sourcecode.swift; path = SettingsViewController.swift; sourceTree = "<group>"; };
		1359744A2258277E005318AB /* ProfileViewController.swift */ = {isa = PBXFileReference; lastKnownFileType = sourcecode.swift; path = ProfileViewController.swift; sourceTree = "<group>"; };
		13631778226535CA008BBB85 /* BuyBatchViewController.swift */ = {isa = PBXFileReference; lastKnownFileType = sourcecode.swift; path = BuyBatchViewController.swift; sourceTree = "<group>"; };
		1363177A22653B9B008BBB85 /* Batch.swift */ = {isa = PBXFileReference; lastKnownFileType = sourcecode.swift; path = Batch.swift; sourceTree = "<group>"; };
		1363177D226541E3008BBB85 /* DeliveriesTableViewController.swift */ = {isa = PBXFileReference; lastKnownFileType = sourcecode.swift; path = DeliveriesTableViewController.swift; sourceTree = "<group>"; };
		13631781226550B0008BBB85 /* GoogleMapsViewController.swift */ = {isa = PBXFileReference; lastKnownFileType = sourcecode.swift; path = GoogleMapsViewController.swift; sourceTree = "<group>"; };
		13786CBA2273CB2F008F0A17 /* RegistrationViewController.swift */ = {isa = PBXFileReference; lastKnownFileType = sourcecode.swift; path = RegistrationViewController.swift; sourceTree = "<group>"; };
		13852A03225E9F8D0058BDA7 /* Alert.swift */ = {isa = PBXFileReference; lastKnownFileType = sourcecode.swift; path = Alert.swift; sourceTree = "<group>"; };
		13852A09225EA4330058BDA7 /* MockupProjetoFinalTests.xctest */ = {isa = PBXFileReference; explicitFileType = wrapper.cfbundle; includeInIndex = 0; path = MockupProjetoFinalTests.xctest; sourceTree = BUILT_PRODUCTS_DIR; };
		13852A0B225EA4330058BDA7 /* MockupProjetoFinalTests.swift */ = {isa = PBXFileReference; lastKnownFileType = sourcecode.swift; path = MockupProjetoFinalTests.swift; sourceTree = "<group>"; };
		13852A0D225EA4330058BDA7 /* Info.plist */ = {isa = PBXFileReference; lastKnownFileType = text.plist.xml; path = Info.plist; sourceTree = "<group>"; };
		13852A21225EAC000058BDA7 /* MyCardsTableViewController.swift */ = {isa = PBXFileReference; lastKnownFileType = sourcecode.swift; path = MyCardsTableViewController.swift; sourceTree = "<group>"; };
		13852A31225EB2E90058BDA7 /* CreditCardViewController.swift */ = {isa = PBXFileReference; lastKnownFileType = sourcecode.swift; path = CreditCardViewController.swift; sourceTree = "<group>"; };
		13E1E6C12255635500E0F348 /* MockupProjetoFinal.app */ = {isa = PBXFileReference; explicitFileType = wrapper.application; includeInIndex = 0; path = MockupProjetoFinal.app; sourceTree = BUILT_PRODUCTS_DIR; };
		13E1E6C42255635500E0F348 /* AppDelegate.swift */ = {isa = PBXFileReference; lastKnownFileType = sourcecode.swift; path = AppDelegate.swift; sourceTree = "<group>"; };
		13E1E6C62255635500E0F348 /* ViewController.swift */ = {isa = PBXFileReference; lastKnownFileType = sourcecode.swift; path = ViewController.swift; sourceTree = "<group>"; };
		13E1E6C92255635500E0F348 /* Base */ = {isa = PBXFileReference; lastKnownFileType = file.storyboard; name = Base; path = Base.lproj/Main.storyboard; sourceTree = "<group>"; };
		13E1E6CB2255635600E0F348 /* Assets.xcassets */ = {isa = PBXFileReference; lastKnownFileType = folder.assetcatalog; path = Assets.xcassets; sourceTree = "<group>"; };
		13E1E6CE2255635600E0F348 /* Base */ = {isa = PBXFileReference; lastKnownFileType = file.storyboard; name = Base; path = Base.lproj/LaunchScreen.storyboard; sourceTree = "<group>"; };
		13E1E6D02255635600E0F348 /* Info.plist */ = {isa = PBXFileReference; lastKnownFileType = text.plist.xml; path = Info.plist; sourceTree = "<group>"; };
		13E1E6DE225570F500E0F348 /* BatchesViewController.swift */ = {isa = PBXFileReference; lastKnownFileType = sourcecode.swift; path = BatchesViewController.swift; sourceTree = "<group>"; };
		13E1E6E22255775600E0F348 /* BatchCollectionViewCell.swift */ = {isa = PBXFileReference; lastKnownFileType = sourcecode.swift; path = BatchCollectionViewCell.swift; sourceTree = "<group>"; };
		13E1E6E82255846E00E0F348 /* BatchViewController.swift */ = {isa = PBXFileReference; lastKnownFileType = sourcecode.swift; path = BatchViewController.swift; sourceTree = "<group>"; };
		578A9DAA405ABA38D70EE13E /* Pods-MockupProjetoFinal.debug.xcconfig */ = {isa = PBXFileReference; includeInIndex = 1; lastKnownFileType = text.xcconfig; name = "Pods-MockupProjetoFinal.debug.xcconfig"; path = "Target Support Files/Pods-MockupProjetoFinal/Pods-MockupProjetoFinal.debug.xcconfig"; sourceTree = "<group>"; };
		E53CD978AB99970121A4FF63 /* Pods_MockupProjetoFinal.framework */ = {isa = PBXFileReference; explicitFileType = wrapper.framework; includeInIndex = 0; path = Pods_MockupProjetoFinal.framework; sourceTree = BUILT_PRODUCTS_DIR; };
		FEEB28F3E7AD09BE0332A011 /* Pods-MockupProjetoFinal.release.xcconfig */ = {isa = PBXFileReference; includeInIndex = 1; lastKnownFileType = text.xcconfig; name = "Pods-MockupProjetoFinal.release.xcconfig"; path = "Target Support Files/Pods-MockupProjetoFinal/Pods-MockupProjetoFinal.release.xcconfig"; sourceTree = "<group>"; };
/* End PBXFileReference section */

/* Begin PBXFrameworksBuildPhase section */
		13852A06225EA4330058BDA7 /* Frameworks */ = {
			isa = PBXFrameworksBuildPhase;
			buildActionMask = 2147483647;
			files = (
			);
			runOnlyForDeploymentPostprocessing = 0;
		};
		13E1E6BE2255635500E0F348 /* Frameworks */ = {
			isa = PBXFrameworksBuildPhase;
			buildActionMask = 2147483647;
			files = (
				EC3DA43790C2EFE05821CD4F /* Pods_MockupProjetoFinal.framework in Frameworks */,
			);
			runOnlyForDeploymentPostprocessing = 0;
		};
/* End PBXFrameworksBuildPhase section */

/* Begin PBXGroup section */
		1359744522582129005318AB /* Model */ = {
			isa = PBXGroup;
			children = (
				13E1E6C42255635500E0F348 /* AppDelegate.swift */,
				13852A03225E9F8D0058BDA7 /* Alert.swift */,
				13567C062261420000D09FC6 /* Card.swift */,
				1363177A22653B9B008BBB85 /* Batch.swift */,
			);
			path = Model;
			sourceTree = "<group>";
		};
		135974462258212E005318AB /* View */ = {
			isa = PBXGroup;
			children = (
				13E1E6C82255635500E0F348 /* Main.storyboard */,
				13E1E6CB2255635600E0F348 /* Assets.xcassets */,
				13E1E6CD2255635600E0F348 /* LaunchScreen.storyboard */,
			);
			path = View;
			sourceTree = "<group>";
		};
		1359744722582132005318AB /* Controller */ = {
			isa = PBXGroup;
			children = (
				1363177C226541CA008BBB85 /* Admin */,
				13E1E6C62255635500E0F348 /* ViewController.swift */,
				1359744322581FB4005318AB /* MyOrdersViewController.swift */,
				13E1E6DE225570F500E0F348 /* BatchesViewController.swift */,
				13E1E6E22255775600E0F348 /* BatchCollectionViewCell.swift */,
				13E1E6E82255846E00E0F348 /* BatchViewController.swift */,
				1359744822582283005318AB /* SettingsViewController.swift */,
				1359744A2258277E005318AB /* ProfileViewController.swift */,
				13852A21225EAC000058BDA7 /* MyCardsTableViewController.swift */,
				13852A31225EB2E90058BDA7 /* CreditCardViewController.swift */,
				13631778226535CA008BBB85 /* BuyBatchViewController.swift */,
				1305C20B2271287C00D84898 /* MyBatchesViewController.swift */,
				13786CBA2273CB2F008F0A17 /* RegistrationViewController.swift */,
			);
			path = Controller;
			sourceTree = "<group>";
		};
		1363177C226541CA008BBB85 /* Admin */ = {
			isa = PBXGroup;
			children = (
				1363177D226541E3008BBB85 /* DeliveriesTableViewController.swift */,
				13631781226550B0008BBB85 /* GoogleMapsViewController.swift */,
			);
			path = Admin;
			sourceTree = "<group>";
		};
		13852A0A225EA4330058BDA7 /* MockupProjetoFinalTests */ = {
			isa = PBXGroup;
			children = (
				13852A0B225EA4330058BDA7 /* MockupProjetoFinalTests.swift */,
				13852A0D225EA4330058BDA7 /* Info.plist */,
			);
			path = MockupProjetoFinalTests;
			sourceTree = "<group>";
		};
		13E1E6B82255635500E0F348 = {
			isa = PBXGroup;
			children = (
				13E1E6C32255635500E0F348 /* MockupProjetoFinal */,
				13852A0A225EA4330058BDA7 /* MockupProjetoFinalTests */,
				13E1E6C22255635500E0F348 /* Products */,
				42505727DEE963642B61D03B /* Pods */,
				199CFF533DB23ACFA0D6AA46 /* Frameworks */,
			);
			sourceTree = "<group>";
		};
		13E1E6C22255635500E0F348 /* Products */ = {
			isa = PBXGroup;
			children = (
				13E1E6C12255635500E0F348 /* MockupProjetoFinal.app */,
				13852A09225EA4330058BDA7 /* MockupProjetoFinalTests.xctest */,
			);
			name = Products;
			sourceTree = "<group>";
		};
		13E1E6C32255635500E0F348 /* MockupProjetoFinal */ = {
			isa = PBXGroup;
			children = (
				13E1E6D02255635600E0F348 /* Info.plist */,
				1359744122580B97005318AB /* GoogleService-Info.plist */,
				1359744722582132005318AB /* Controller */,
				135974462258212E005318AB /* View */,
				1359744522582129005318AB /* Model */,
			);
			path = MockupProjetoFinal;
			sourceTree = "<group>";
		};
		199CFF533DB23ACFA0D6AA46 /* Frameworks */ = {
			isa = PBXGroup;
			children = (
				E53CD978AB99970121A4FF63 /* Pods_MockupProjetoFinal.framework */,
			);
			name = Frameworks;
			sourceTree = "<group>";
		};
		42505727DEE963642B61D03B /* Pods */ = {
			isa = PBXGroup;
			children = (
				578A9DAA405ABA38D70EE13E /* Pods-MockupProjetoFinal.debug.xcconfig */,
				FEEB28F3E7AD09BE0332A011 /* Pods-MockupProjetoFinal.release.xcconfig */,
			);
			path = Pods;
			sourceTree = "<group>";
		};
/* End PBXGroup section */

/* Begin PBXNativeTarget section */
		13852A08225EA4330058BDA7 /* MockupProjetoFinalTests */ = {
			isa = PBXNativeTarget;
			buildConfigurationList = 13852A10225EA4330058BDA7 /* Build configuration list for PBXNativeTarget "MockupProjetoFinalTests" */;
			buildPhases = (
				13852A05225EA4330058BDA7 /* Sources */,
				13852A06225EA4330058BDA7 /* Frameworks */,
				13852A07225EA4330058BDA7 /* Resources */,
			);
			buildRules = (
			);
			dependencies = (
				13852A0F225EA4330058BDA7 /* PBXTargetDependency */,
			);
			name = MockupProjetoFinalTests;
			productName = MockupProjetoFinalTests;
			productReference = 13852A09225EA4330058BDA7 /* MockupProjetoFinalTests.xctest */;
			productType = "com.apple.product-type.bundle.unit-test";
		};
		13E1E6C02255635500E0F348 /* MockupProjetoFinal */ = {
			isa = PBXNativeTarget;
			buildConfigurationList = 13E1E6D32255635600E0F348 /* Build configuration list for PBXNativeTarget "MockupProjetoFinal" */;
			buildPhases = (
				179198C72ACB0C23D8E305C7 /* [CP] Check Pods Manifest.lock */,
				13E1E6BD2255635500E0F348 /* Sources */,
				13E1E6BE2255635500E0F348 /* Frameworks */,
				13E1E6BF2255635500E0F348 /* Resources */,
				0C02089EE1DC9DAD18E9407D /* [CP] Embed Pods Frameworks */,
				54FA9CF10D5A80AC60C0D72C /* [CP] Copy Pods Resources */,
			);
			buildRules = (
			);
			dependencies = (
			);
			name = MockupProjetoFinal;
			productName = MockupProjetoFinal;
			productReference = 13E1E6C12255635500E0F348 /* MockupProjetoFinal.app */;
			productType = "com.apple.product-type.application";
		};
/* End PBXNativeTarget section */

/* Begin PBXProject section */
		13E1E6B92255635500E0F348 /* Project object */ = {
			isa = PBXProject;
			attributes = {
				LastSwiftUpdateCheck = 1010;
				LastUpgradeCheck = 1010;
				ORGANIZATIONNAME = PUCPR;
				TargetAttributes = {
					13852A08225EA4330058BDA7 = {
						CreatedOnToolsVersion = 10.1;
						TestTargetID = 13E1E6C02255635500E0F348;
					};
					13E1E6C02255635500E0F348 = {
						CreatedOnToolsVersion = 10.1;
					};
				};
			};
			buildConfigurationList = 13E1E6BC2255635500E0F348 /* Build configuration list for PBXProject "MockupProjetoFinal" */;
			compatibilityVersion = "Xcode 9.3";
			developmentRegion = en;
			hasScannedForEncodings = 0;
			knownRegions = (
				en,
				Base,
			);
			mainGroup = 13E1E6B82255635500E0F348;
			productRefGroup = 13E1E6C22255635500E0F348 /* Products */;
			projectDirPath = "";
			projectRoot = "";
			targets = (
				13E1E6C02255635500E0F348 /* MockupProjetoFinal */,
				13852A08225EA4330058BDA7 /* MockupProjetoFinalTests */,
			);
		};
/* End PBXProject section */

/* Begin PBXResourcesBuildPhase section */
		13852A07225EA4330058BDA7 /* Resources */ = {
			isa = PBXResourcesBuildPhase;
			buildActionMask = 2147483647;
			files = (
			);
			runOnlyForDeploymentPostprocessing = 0;
		};
		13E1E6BF2255635500E0F348 /* Resources */ = {
			isa = PBXResourcesBuildPhase;
			buildActionMask = 2147483647;
			files = (
				13E1E6CF2255635600E0F348 /* LaunchScreen.storyboard in Resources */,
				1359744222580B97005318AB /* GoogleService-Info.plist in Resources */,
				13E1E6CC2255635600E0F348 /* Assets.xcassets in Resources */,
				13E1E6CA2255635500E0F348 /* Main.storyboard in Resources */,
			);
			runOnlyForDeploymentPostprocessing = 0;
		};
/* End PBXResourcesBuildPhase section */

/* Begin PBXShellScriptBuildPhase section */
		0C02089EE1DC9DAD18E9407D /* [CP] Embed Pods Frameworks */ = {
			isa = PBXShellScriptBuildPhase;
			buildActionMask = 2147483647;
			files = (
			);
			inputFileListPaths = (
			);
			inputPaths = (
				"${PODS_ROOT}/Target Support Files/Pods-MockupProjetoFinal/Pods-MockupProjetoFinal-frameworks.sh",
				"${BUILT_PRODUCTS_DIR}/Alamofire/Alamofire.framework",
				"${BUILT_PRODUCTS_DIR}/GTMSessionFetcher/GTMSessionFetcher.framework",
				"${BUILT_PRODUCTS_DIR}/GoogleUtilities/GoogleUtilities.framework",
				"${BUILT_PRODUCTS_DIR}/SwiftyJSON/SwiftyJSON.framework",
				"${BUILT_PRODUCTS_DIR}/leveldb-library/leveldb.framework",
				"${BUILT_PRODUCTS_DIR}/nanopb/nanopb.framework",
			);
			name = "[CP] Embed Pods Frameworks";
			outputFileListPaths = (
			);
			outputPaths = (
				"${TARGET_BUILD_DIR}/${FRAMEWORKS_FOLDER_PATH}/Alamofire.framework",
				"${TARGET_BUILD_DIR}/${FRAMEWORKS_FOLDER_PATH}/GTMSessionFetcher.framework",
				"${TARGET_BUILD_DIR}/${FRAMEWORKS_FOLDER_PATH}/GoogleUtilities.framework",
				"${TARGET_BUILD_DIR}/${FRAMEWORKS_FOLDER_PATH}/SwiftyJSON.framework",
				"${TARGET_BUILD_DIR}/${FRAMEWORKS_FOLDER_PATH}/leveldb.framework",
				"${TARGET_BUILD_DIR}/${FRAMEWORKS_FOLDER_PATH}/nanopb.framework",
			);
			runOnlyForDeploymentPostprocessing = 0;
			shellPath = /bin/sh;
			shellScript = "\"${PODS_ROOT}/Target Support Files/Pods-MockupProjetoFinal/Pods-MockupProjetoFinal-frameworks.sh\"\n";
			showEnvVarsInLog = 0;
		};
		179198C72ACB0C23D8E305C7 /* [CP] Check Pods Manifest.lock */ = {
			isa = PBXShellScriptBuildPhase;
			buildActionMask = 2147483647;
			files = (
			);
			inputFileListPaths = (
			);
			inputPaths = (
				"${PODS_PODFILE_DIR_PATH}/Podfile.lock",
				"${PODS_ROOT}/Manifest.lock",
			);
			name = "[CP] Check Pods Manifest.lock";
			outputFileListPaths = (
			);
			outputPaths = (
				"$(DERIVED_FILE_DIR)/Pods-MockupProjetoFinal-checkManifestLockResult.txt",
			);
			runOnlyForDeploymentPostprocessing = 0;
			shellPath = /bin/sh;
			shellScript = "diff \"${PODS_PODFILE_DIR_PATH}/Podfile.lock\" \"${PODS_ROOT}/Manifest.lock\" > /dev/null\nif [ $? != 0 ] ; then\n    # print error to STDERR\n    echo \"error: The sandbox is not in sync with the Podfile.lock. Run 'pod install' or update your CocoaPods installation.\" >&2\n    exit 1\nfi\n# This output is used by Xcode 'outputs' to avoid re-running this script phase.\necho \"SUCCESS\" > \"${SCRIPT_OUTPUT_FILE_0}\"\n";
			showEnvVarsInLog = 0;
		};
		54FA9CF10D5A80AC60C0D72C /* [CP] Copy Pods Resources */ = {
			isa = PBXShellScriptBuildPhase;
			buildActionMask = 2147483647;
			files = (
			);
			inputFileListPaths = (
			);
			inputPaths = (
				"${PODS_ROOT}/Target Support Files/Pods-MockupProjetoFinal/Pods-MockupProjetoFinal-resources.sh",
				"${PODS_ROOT}/GoogleMaps/Maps/Frameworks/GoogleMaps.framework/Resources/GoogleMaps.bundle",
			);
			name = "[CP] Copy Pods Resources";
			outputFileListPaths = (
			);
			outputPaths = (
				"${TARGET_BUILD_DIR}/${UNLOCALIZED_RESOURCES_FOLDER_PATH}/GoogleMaps.bundle",
			);
			runOnlyForDeploymentPostprocessing = 0;
			shellPath = /bin/sh;
			shellScript = "\"${PODS_ROOT}/Target Support Files/Pods-MockupProjetoFinal/Pods-MockupProjetoFinal-resources.sh\"\n";
			showEnvVarsInLog = 0;
		};
/* End PBXShellScriptBuildPhase section */

/* Begin PBXSourcesBuildPhase section */
		13852A05225EA4330058BDA7 /* Sources */ = {
			isa = PBXSourcesBuildPhase;
			buildActionMask = 2147483647;
			files = (
				13852A0C225EA4330058BDA7 /* MockupProjetoFinalTests.swift in Sources */,
			);
			runOnlyForDeploymentPostprocessing = 0;
		};
		13E1E6BD2255635500E0F348 /* Sources */ = {
			isa = PBXSourcesBuildPhase;
			buildActionMask = 2147483647;
			files = (
				13631779226535CA008BBB85 /* BuyBatchViewController.swift in Sources */,
				13852A04225E9F8D0058BDA7 /* Alert.swift in Sources */,
				1305C20C2271287C00D84898 /* MyBatchesViewController.swift in Sources */,
				1363177B22653B9B008BBB85 /* Batch.swift in Sources */,
				13E1E6E92255846E00E0F348 /* BatchViewController.swift in Sources */,
				1359744422581FB4005318AB /* MyOrdersViewController.swift in Sources */,
				13852A32225EB2E90058BDA7 /* CreditCardViewController.swift in Sources */,
				13631782226550B0008BBB85 /* GoogleMapsViewController.swift in Sources */,
				1359744922582283005318AB /* SettingsViewController.swift in Sources */,
				13852A22225EAC000058BDA7 /* MyCardsTableViewController.swift in Sources */,
				13E1E6DF225570F500E0F348 /* BatchesViewController.swift in Sources */,
				1363177E226541E3008BBB85 /* DeliveriesTableViewController.swift in Sources */,
				13786CBB2273CB2F008F0A17 /* RegistrationViewController.swift in Sources */,
				13567C072261420000D09FC6 /* Card.swift in Sources */,
				13E1E6C72255635500E0F348 /* ViewController.swift in Sources */,
				13E1E6C52255635500E0F348 /* AppDelegate.swift in Sources */,
				1359744B2258277E005318AB /* ProfileViewController.swift in Sources */,
				13E1E6E32255775600E0F348 /* BatchCollectionViewCell.swift in Sources */,
			);
			runOnlyForDeploymentPostprocessing = 0;
		};
/* End PBXSourcesBuildPhase section */

/* Begin PBXTargetDependency section */
		13852A0F225EA4330058BDA7 /* PBXTargetDependency */ = {
			isa = PBXTargetDependency;
			target = 13E1E6C02255635500E0F348 /* MockupProjetoFinal */;
			targetProxy = 13852A0E225EA4330058BDA7 /* PBXContainerItemProxy */;
		};
/* End PBXTargetDependency section */

/* Begin PBXVariantGroup section */
		13E1E6C82255635500E0F348 /* Main.storyboard */ = {
			isa = PBXVariantGroup;
			children = (
				13E1E6C92255635500E0F348 /* Base */,
			);
			name = Main.storyboard;
			sourceTree = "<group>";
		};
		13E1E6CD2255635600E0F348 /* LaunchScreen.storyboard */ = {
			isa = PBXVariantGroup;
			children = (
				13E1E6CE2255635600E0F348 /* Base */,
			);
			name = LaunchScreen.storyboard;
			sourceTree = "<group>";
		};
/* End PBXVariantGroup section */

/* Begin XCBuildConfiguration section */
		13852A11225EA4330058BDA7 /* Debug */ = {
			isa = XCBuildConfiguration;
			buildSettings = {
				BUNDLE_LOADER = "$(TEST_HOST)";
				CODE_SIGN_STYLE = Automatic;
				INFOPLIST_FILE = MockupProjetoFinalTests/Info.plist;
				LD_RUNPATH_SEARCH_PATHS = (
					"$(inherited)",
					"@executable_path/Frameworks",
					"@loader_path/Frameworks",
				);
				PRODUCT_BUNDLE_IDENTIFIER = br.pucpr.MockupProjetoFinalTests;
				PRODUCT_NAME = "$(TARGET_NAME)";
				SWIFT_VERSION = 4.2;
				TARGETED_DEVICE_FAMILY = "1,2";
				TEST_HOST = "$(BUILT_PRODUCTS_DIR)/MockupProjetoFinal.app/MockupProjetoFinal";
			};
			name = Debug;
		};
		13852A12225EA4330058BDA7 /* Release */ = {
			isa = XCBuildConfiguration;
			buildSettings = {
				BUNDLE_LOADER = "$(TEST_HOST)";
				CODE_SIGN_STYLE = Automatic;
				INFOPLIST_FILE = MockupProjetoFinalTests/Info.plist;
				LD_RUNPATH_SEARCH_PATHS = (
					"$(inherited)",
					"@executable_path/Frameworks",
					"@loader_path/Frameworks",
				);
				PRODUCT_BUNDLE_IDENTIFIER = br.pucpr.MockupProjetoFinalTests;
				PRODUCT_NAME = "$(TARGET_NAME)";
				SWIFT_VERSION = 4.2;
				TARGETED_DEVICE_FAMILY = "1,2";
				TEST_HOST = "$(BUILT_PRODUCTS_DIR)/MockupProjetoFinal.app/MockupProjetoFinal";
			};
			name = Release;
		};
		13E1E6D12255635600E0F348 /* Debug */ = {
			isa = XCBuildConfiguration;
			buildSettings = {
				ALWAYS_SEARCH_USER_PATHS = NO;
				CLANG_ANALYZER_NONNULL = YES;
				CLANG_ANALYZER_NUMBER_OBJECT_CONVERSION = YES_AGGRESSIVE;
				CLANG_CXX_LANGUAGE_STANDARD = "gnu++14";
				CLANG_CXX_LIBRARY = "libc++";
				CLANG_ENABLE_MODULES = YES;
				CLANG_ENABLE_OBJC_ARC = YES;
				CLANG_ENABLE_OBJC_WEAK = YES;
				CLANG_WARN_BLOCK_CAPTURE_AUTORELEASING = YES;
				CLANG_WARN_BOOL_CONVERSION = YES;
				CLANG_WARN_COMMA = YES;
				CLANG_WARN_CONSTANT_CONVERSION = YES;
				CLANG_WARN_DEPRECATED_OBJC_IMPLEMENTATIONS = YES;
				CLANG_WARN_DIRECT_OBJC_ISA_USAGE = YES_ERROR;
				CLANG_WARN_DOCUMENTATION_COMMENTS = YES;
				CLANG_WARN_EMPTY_BODY = YES;
				CLANG_WARN_ENUM_CONVERSION = YES;
				CLANG_WARN_INFINITE_RECURSION = YES;
				CLANG_WARN_INT_CONVERSION = YES;
				CLANG_WARN_NON_LITERAL_NULL_CONVERSION = YES;
				CLANG_WARN_OBJC_IMPLICIT_RETAIN_SELF = YES;
				CLANG_WARN_OBJC_LITERAL_CONVERSION = YES;
				CLANG_WARN_OBJC_ROOT_CLASS = YES_ERROR;
				CLANG_WARN_RANGE_LOOP_ANALYSIS = YES;
				CLANG_WARN_STRICT_PROTOTYPES = YES;
				CLANG_WARN_SUSPICIOUS_MOVE = YES;
				CLANG_WARN_UNGUARDED_AVAILABILITY = YES_AGGRESSIVE;
				CLANG_WARN_UNREACHABLE_CODE = YES;
				CLANG_WARN__DUPLICATE_METHOD_MATCH = YES;
				CODE_SIGN_IDENTITY = "iPhone Developer";
				COPY_PHASE_STRIP = NO;
				DEBUG_INFORMATION_FORMAT = dwarf;
				ENABLE_STRICT_OBJC_MSGSEND = YES;
				ENABLE_TESTABILITY = YES;
				GCC_C_LANGUAGE_STANDARD = gnu11;
				GCC_DYNAMIC_NO_PIC = NO;
				GCC_NO_COMMON_BLOCKS = YES;
				GCC_OPTIMIZATION_LEVEL = 0;
				GCC_PREPROCESSOR_DEFINITIONS = (
					"DEBUG=1",
					"$(inherited)",
				);
				GCC_WARN_64_TO_32_BIT_CONVERSION = YES;
				GCC_WARN_ABOUT_RETURN_TYPE = YES_ERROR;
				GCC_WARN_UNDECLARED_SELECTOR = YES;
				GCC_WARN_UNINITIALIZED_AUTOS = YES_AGGRESSIVE;
				GCC_WARN_UNUSED_FUNCTION = YES;
				GCC_WARN_UNUSED_VARIABLE = YES;
				IPHONEOS_DEPLOYMENT_TARGET = 12.1;
				MTL_ENABLE_DEBUG_INFO = INCLUDE_SOURCE;
				MTL_FAST_MATH = YES;
				ONLY_ACTIVE_ARCH = YES;
				SDKROOT = iphoneos;
				SWIFT_ACTIVE_COMPILATION_CONDITIONS = DEBUG;
				SWIFT_OPTIMIZATION_LEVEL = "-Onone";
			};
			name = Debug;
		};
		13E1E6D22255635600E0F348 /* Release */ = {
			isa = XCBuildConfiguration;
			buildSettings = {
				ALWAYS_SEARCH_USER_PATHS = NO;
				CLANG_ANALYZER_NONNULL = YES;
				CLANG_ANALYZER_NUMBER_OBJECT_CONVERSION = YES_AGGRESSIVE;
				CLANG_CXX_LANGUAGE_STANDARD = "gnu++14";
				CLANG_CXX_LIBRARY = "libc++";
				CLANG_ENABLE_MODULES = YES;
				CLANG_ENABLE_OBJC_ARC = YES;
				CLANG_ENABLE_OBJC_WEAK = YES;
				CLANG_WARN_BLOCK_CAPTURE_AUTORELEASING = YES;
				CLANG_WARN_BOOL_CONVERSION = YES;
				CLANG_WARN_COMMA = YES;
				CLANG_WARN_CONSTANT_CONVERSION = YES;
				CLANG_WARN_DEPRECATED_OBJC_IMPLEMENTATIONS = YES;
				CLANG_WARN_DIRECT_OBJC_ISA_USAGE = YES_ERROR;
				CLANG_WARN_DOCUMENTATION_COMMENTS = YES;
				CLANG_WARN_EMPTY_BODY = YES;
				CLANG_WARN_ENUM_CONVERSION = YES;
				CLANG_WARN_INFINITE_RECURSION = YES;
				CLANG_WARN_INT_CONVERSION = YES;
				CLANG_WARN_NON_LITERAL_NULL_CONVERSION = YES;
				CLANG_WARN_OBJC_IMPLICIT_RETAIN_SELF = YES;
				CLANG_WARN_OBJC_LITERAL_CONVERSION = YES;
				CLANG_WARN_OBJC_ROOT_CLASS = YES_ERROR;
				CLANG_WARN_RANGE_LOOP_ANALYSIS = YES;
				CLANG_WARN_STRICT_PROTOTYPES = YES;
				CLANG_WARN_SUSPICIOUS_MOVE = YES;
				CLANG_WARN_UNGUARDED_AVAILABILITY = YES_AGGRESSIVE;
				CLANG_WARN_UNREACHABLE_CODE = YES;
				CLANG_WARN__DUPLICATE_METHOD_MATCH = YES;
				CODE_SIGN_IDENTITY = "iPhone Developer";
				COPY_PHASE_STRIP = NO;
				DEBUG_INFORMATION_FORMAT = "dwarf-with-dsym";
				ENABLE_NS_ASSERTIONS = NO;
				ENABLE_STRICT_OBJC_MSGSEND = YES;
				GCC_C_LANGUAGE_STANDARD = gnu11;
				GCC_NO_COMMON_BLOCKS = YES;
				GCC_WARN_64_TO_32_BIT_CONVERSION = YES;
				GCC_WARN_ABOUT_RETURN_TYPE = YES_ERROR;
				GCC_WARN_UNDECLARED_SELECTOR = YES;
				GCC_WARN_UNINITIALIZED_AUTOS = YES_AGGRESSIVE;
				GCC_WARN_UNUSED_FUNCTION = YES;
				GCC_WARN_UNUSED_VARIABLE = YES;
				IPHONEOS_DEPLOYMENT_TARGET = 12.1;
				MTL_ENABLE_DEBUG_INFO = NO;
				MTL_FAST_MATH = YES;
				SDKROOT = iphoneos;
				SWIFT_COMPILATION_MODE = wholemodule;
				SWIFT_OPTIMIZATION_LEVEL = "-O";
				VALIDATE_PRODUCT = YES;
			};
			name = Release;
		};
		13E1E6D42255635600E0F348 /* Debug */ = {
			isa = XCBuildConfiguration;
			baseConfigurationReference = 578A9DAA405ABA38D70EE13E /* Pods-MockupProjetoFinal.debug.xcconfig */;
			buildSettings = {
				ASSETCATALOG_COMPILER_APPICON_NAME = AppIcon;
				CODE_SIGN_STYLE = Automatic;
				INFOPLIST_FILE = MockupProjetoFinal/Info.plist;
				LD_RUNPATH_SEARCH_PATHS = (
					"$(inherited)",
					"@executable_path/Frameworks",
				);
				PRODUCT_BUNDLE_IDENTIFIER = br.pucpr.ProjetoFinal;
				PRODUCT_NAME = "$(TARGET_NAME)";
				SWIFT_VERSION = 4.2;
				TARGETED_DEVICE_FAMILY = "1,2";
			};
			name = Debug;
		};
		13E1E6D52255635600E0F348 /* Release */ = {
			isa = XCBuildConfiguration;
			baseConfigurationReference = FEEB28F3E7AD09BE0332A011 /* Pods-MockupProjetoFinal.release.xcconfig */;
			buildSettings = {
				ASSETCATALOG_COMPILER_APPICON_NAME = AppIcon;
				CODE_SIGN_STYLE = Automatic;
				INFOPLIST_FILE = MockupProjetoFinal/Info.plist;
				LD_RUNPATH_SEARCH_PATHS = (
					"$(inherited)",
					"@executable_path/Frameworks",
				);
				PRODUCT_BUNDLE_IDENTIFIER = br.pucpr.ProjetoFinal;
				PRODUCT_NAME = "$(TARGET_NAME)";
				SWIFT_VERSION = 4.2;
				TARGETED_DEVICE_FAMILY = "1,2";
			};
			name = Release;
		};
/* End XCBuildConfiguration section */

/* Begin XCConfigurationList section */
		13852A10225EA4330058BDA7 /* Build configuration list for PBXNativeTarget "MockupProjetoFinalTests" */ = {
			isa = XCConfigurationList;
			buildConfigurations = (
				13852A11225EA4330058BDA7 /* Debug */,
				13852A12225EA4330058BDA7 /* Release */,
			);
			defaultConfigurationIsVisible = 0;
			defaultConfigurationName = Release;
		};
		13E1E6BC2255635500E0F348 /* Build configuration list for PBXProject "MockupProjetoFinal" */ = {
			isa = XCConfigurationList;
			buildConfigurations = (
				13E1E6D12255635600E0F348 /* Debug */,
				13E1E6D22255635600E0F348 /* Release */,
			);
			defaultConfigurationIsVisible = 0;
			defaultConfigurationName = Release;
		};
		13E1E6D32255635600E0F348 /* Build configuration list for PBXNativeTarget "MockupProjetoFinal" */ = {
			isa = XCConfigurationList;
			buildConfigurations = (
				13E1E6D42255635600E0F348 /* Debug */,
				13E1E6D52255635600E0F348 /* Release */,
			);
			defaultConfigurationIsVisible = 0;
			defaultConfigurationName = Release;
		};
/* End XCConfigurationList section */
	};
	rootObject = 13E1E6B92255635500E0F348 /* Project object */;
}
